{
  "name": "javascript",
  "lockfileVersion": 3,
  "requires": true,
  "packages": {
    "": {
      "dependencies": {
        "allnewsapi": "file:../../packages/javascript"
      }
    },
    "../../packages/javascript": {
      "name": "allnewsapi",
      "version": "1.0.0",
      "license": "MIT",
      "devDependencies": {
        "rollup": "^2.79.2",
        "rollup-plugin-terser": "^7.0.2"
      }
    },
    "node_modules/allnewsapi": {
      "resolved": "../../packages/javascript",
      "link": true
    }
  }
}
